# This file is automatically @generated by Cargo.
# It is not intended for manual editing.
version = 4

[[package]]
name = "aw-agent-adapters"
version = "0.1.0"
dependencies = [
 "aw-core",
]

[[package]]
name = "aw-cli"
version = "0.1.0"
dependencies = [
 "aw-core",
]

[[package]]
name = "aw-collector-linux"
version = "0.1.0"
dependencies = [
 "aw-core",
]

[[package]]
name = "aw-collector-macos"
version = "0.1.0"
dependencies = [
 "aw-core",
]

[[package]]
name = "aw-collector-poll"
version = "0.1.0"
dependencies = [
 "aw-core",
]

[[package]]
name = "aw-collector-windows"
version = "0.1.0"
dependencies = [
 "aw-core",
]

[[package]]
name = "aw-core"
version = "0.1.0"

[[package]]
name = "aw-daemon"
version = "0.1.0"
dependencies = [
 "aw-agent-adapters",
 "aw-collector-linux",
 "aw-collector-macos",
 "aw-collector-poll",
 "aw-collector-windows",
 "aw-core",
 "aw-pipeline",
 "aw-proxy",
 "aw-store",
]

[[package]]
name = "aw-pipeline"
version = "0.1.0"
dependencies = [
 "aw-core",
]

[[package]]
name = "aw-proxy"
version = "0.1.0"
dependencies = [
 "aw-core",
]

[[package]]
name = "aw-store"
version = "0.1.0"
dependencies = [
 "aw-core",
]

[[package]]
name = "sim"
version = "0.1.0"

[[package]]
name = "xtask"
version = "0.1.0"
